
Microsoft Visual Studio Solution File, Format Version 12.00
# Visual Studio Version 17
VisualStudioVersion = 17.0.31903.59
MinimumVisualStudioVersion = 10.0.40219.1
Project("{FAE04EC0-301F-11D3-BF4B-00C04F79EFBC}") = "desafio-lynx-process.Test", "desafio-lynx-process.Test\desafio-lynx-process.Test.csproj", "{713DCCDC-6362-43E8-89B9-9944E7609F5A}"
EndProject
Project("{FAE04EC0-301F-11D3-BF4B-00C04F79EFBC}") = "desafio-lynx-process", "desafio-lynx-process\desafio-lynx-process.csproj", "{81ED9EF7-F249-4AE3-B096-51F0F09DA858}"
EndProject
Global
	GlobalSection(SolutionConfigurationPlatforms) = preSolution
		Debug|Any CPU = Debug|Any CPU
		Release|Any CPU = Release|Any CPU
	EndGlobalSection
	GlobalSection(SolutionProperties) = preSolution
		HideSolutionNode = FALSE
	EndGlobalSection
	GlobalSection(ProjectConfigurationPlatforms) = postSolution
		{713DCCDC-6362-43E8-89B9-9944E7609F5A}.Debug|Any CPU.ActiveCfg = Debug|Any CPU
		{713DCCDC-6362-43E8-89B9-9944E7609F5A}.Debug|Any CPU.Build.0 = Debug|Any CPU
		{713DCCDC-6362-43E8-89B9-9944E7609F5A}.Release|Any CPU.ActiveCfg = Release|Any CPU
		{713DCCDC-6362-43E8-89B9-9944E7609F5A}.Release|Any CPU.Build.0 = Release|Any CPU
		{81ED9EF7-F249-4AE3-B096-51F0F09DA858}.Debug|Any CPU.ActiveCfg = Debug|Any CPU
		{81ED9EF7-F249-4AE3-B096-51F0F09DA858}.Debug|Any CPU.Build.0 = Debug|Any CPU
		{81ED9EF7-F249-4AE3-B096-51F0F09DA858}.Release|Any CPU.ActiveCfg = Release|Any CPU
		{81ED9EF7-F249-4AE3-B096-51F0F09DA858}.Release|Any CPU.Build.0 = Release|Any CPU
	EndGlobalSection
EndGlobal
